{
    "_readme": [
        "This file locks the dependencies of your project to a known state",
        "Read more about it at https://getcomposer.org/doc/01-basic-usage.md#composer-lock-the-lock-file",
        "This file is @generated automatically"
    ],
    "content-hash": "b3f821c15b4687ab6fb9cd1328f183c1",
    "packages": [
        {
            "name": "kilbiller/cakephp",
            "version": "2.10.41",
            "source": {
                "type": "git",
                "url": "https://github.com/kilbiller/cakephp.git",
                "reference": "b52a294e9a37c4d72ac3a09fe33d54b9b3eb45b3"
            },
            "dist": {
                "type": "zip",
                "url": "https://api.github.com/repos/kilbiller/cakephp/zipball/b52a294e9a37c4d72ac3a09fe33d54b9b3eb45b3",
                "reference": "b52a294e9a37c4d72ac3a09fe33d54b9b3eb45b3",
                "shasum": ""
            },
            "require": {
                "ext-mcrypt": "*",
                "php": ">=5.3.0"
            },
            "require-dev": {
                "cakephp/cakephp-codesniffer": "^1.0.0",
                "phpunit/phpunit": "<6.0.0"
            },
            "bin": [
                "lib/Cake/Console/cake"
            ],
            "type": "library",
            "autoload": {
                "psr-4": {
                    "Cake\\": "lib/Cake/"
                },
                "files": [
                    "lib/Cake/basics.php",
                    "lib/Cake/Error/exceptions.php"
                ]
            },
            "notification-url": "https://packagist.org/downloads/",
            "license": [
                "MIT"
            ],
            "authors": [
                {
                    "name": "CakePHP Community",
                    "homepage": "https://github.com/cakephp/cakephp/graphs/contributors"
                }
            ],
            "description": "A fork of the CakePHP framework",
            "homepage": "https://github.com/kilbiller/cakephp",
            "keywords": [
                "framework"
            ],
            "time": "2017-10-23T13:40:46+00:00"
        }
    ],
    "packages-dev": [
        {
            "name": "kahlan/kahlan",
            "version": "4.0.5",
            "source": {
                "type": "git",
                "url": "https://github.com/kahlan/kahlan.git",
                "reference": "f28d97e268c1fd5054280932b880e06417eddb6f"
            },
            "dist": {
                "type": "zip",
                "url": "https://api.github.com/repos/kahlan/kahlan/zipball/f28d97e268c1fd5054280932b880e06417eddb6f",
                "reference": "f28d97e268c1fd5054280932b880e06417eddb6f",
                "shasum": ""
            },
            "require": {
                "php": ">=5.5"
            },
            "require-dev": {
                "squizlabs/php_codesniffer": "^2.7"
            },
            "bin": [
                "bin/kahlan"
            ],
            "type": "library",
            "autoload": {
                "psr-4": {
                    "Kahlan\\": "src/"
                },
                "files": [
                    "src/functions.php"
                ]
            },
            "notification-url": "https://packagist.org/downloads/",
            "license": [
                "MIT"
            ],
            "authors": [
                {
                    "name": "CrysaLEAD"
                }
            ],
            "description": "The PHP Test Framework for Freedom, Truth and Justice.",
            "keywords": [
                "BDD",
                "Behavior-Driven Development",
                "Monkey Patching",
                "TDD",
                "mock",
                "stub",
                "testing",
                "unit test"
            ],
            "time": "2017-10-14T15:51:22+00:00"
        }
    ],
    "aliases": [],
    "minimum-stability": "stable",
    "stability-flags": [],
    "prefer-stable": false,
    "prefer-lowest": false,
    "platform": [],
    "platform-dev": []
}
